
Microsoft Visual Studio Solution File, Format Version 12.00
# Visual Studio Version 17
VisualStudioVersion = 17.5.33530.505
MinimumVisualStudioVersion = 10.0.40219.1
Project("{9A19103F-16F7-4668-BE54-9A1E7A4F7556}") = "InvoiceTracker", "InvoiceTracker\InvoiceTracker.csproj", "{AA88E573-A646-418A-BEB5-C8F8D4DCACA2}"
EndProject
Project("{FAE04EC0-301F-11D3-BF4B-00C04F79EFBC}") = "Domain", "Domain\Domain.csproj", "{A80F5A04-0D31-4F09-91D7-D8E96129F523}"
EndProject
Global
	GlobalSection(SolutionConfigurationPlatforms) = preSolution
		Debug|Any CPU = Debug|Any CPU
		Release|Any CPU = Release|Any CPU
	EndGlobalSection
	GlobalSection(ProjectConfigurationPlatforms) = postSolution
		{AA88E573-A646-418A-BEB5-C8F8D4DCACA2}.Debug|Any CPU.ActiveCfg = Debug|Any CPU
		{AA88E573-A646-418A-BEB5-C8F8D4DCACA2}.Debug|Any CPU.Build.0 = Debug|Any CPU
		{AA88E573-A646-418A-BEB5-C8F8D4DCACA2}.Release|Any CPU.ActiveCfg = Release|Any CPU
		{AA88E573-A646-418A-BEB5-C8F8D4DCACA2}.Release|Any CPU.Build.0 = Release|Any CPU
		{A80F5A04-0D31-4F09-91D7-D8E96129F523}.Debug|Any CPU.ActiveCfg = Debug|Any CPU
		{A80F5A04-0D31-4F09-91D7-D8E96129F523}.Debug|Any CPU.Build.0 = Debug|Any CPU
		{A80F5A04-0D31-4F09-91D7-D8E96129F523}.Release|Any CPU.ActiveCfg = Release|Any CPU
		{A80F5A04-0D31-4F09-91D7-D8E96129F523}.Release|Any CPU.Build.0 = Release|Any CPU
	EndGlobalSection
	GlobalSection(SolutionProperties) = preSolution
		HideSolutionNode = FALSE
	EndGlobalSection
	GlobalSection(ExtensibilityGlobals) = postSolution
		SolutionGuid = {1DDDA215-A885-4361-8C6E-2C22F3E836B4}
	EndGlobalSection
EndGlobal
